
Microsoft Visual Studio Solution File, Format Version 12.00
# Visual Studio Version 17
VisualStudioVersion = 17.3.32929.385
MinimumVisualStudioVersion = 10.0.40219.1
Project("{FAE04EC0-301F-11D3-BF4B-00C04F79EFBC}") = "2_Introduccion_a_Boostrap", "2_Introduccion_a_Boostrap\2_Introduccion_a_Boostrap.csproj", "{9C29D250-FFFE-4AE9-8AAE-CA26C263D4D9}"
EndProject
Global
	GlobalSection(SolutionConfigurationPlatforms) = preSolution
		Debug|Any CPU = Debug|Any CPU
		Release|Any CPU = Release|Any CPU
	EndGlobalSection
	GlobalSection(ProjectConfigurationPlatforms) = postSolution
		{9C29D250-FFFE-4AE9-8AAE-CA26C263D4D9}.Debug|Any CPU.ActiveCfg = Debug|Any CPU
		{9C29D250-FFFE-4AE9-8AAE-CA26C263D4D9}.Debug|Any CPU.Build.0 = Debug|Any CPU
		{9C29D250-FFFE-4AE9-8AAE-CA26C263D4D9}.Release|Any CPU.ActiveCfg = Release|Any CPU
		{9C29D250-FFFE-4AE9-8AAE-CA26C263D4D9}.Release|Any CPU.Build.0 = Release|Any CPU
	EndGlobalSection
	GlobalSection(SolutionProperties) = preSolution
		HideSolutionNode = FALSE
	EndGlobalSection
	GlobalSection(ExtensibilityGlobals) = postSolution
		SolutionGuid = {02861BF0-E31C-4700-B95D-3053CC35CFE0}
	EndGlobalSection
EndGlobal
